<Solution>
  <Project Path="Animancer.FSM.csproj" />
  <Project Path="Assembly-CSharp.csproj" />
  <Project Path="Unity.RenderPipelines.Universal.Runtime.csproj" />
  <Project Path="Animancer.csproj" />
  <Project Path="Boxophobic.AtmosphericHeightFog.Runtime.csproj" />
  <Project Path="Boxophobic.Utils.Editor.csproj" />
  <Project Path="Assembly-CSharp-firstpass.csproj" />
  <Project Path="Boxophobic.AtmosphericHeightFog.Editor.csproj" />
  <Project Path="FMODUnityResonanceEditor.csproj" />
  <Project Path="ParrelSync.csproj" />
  <Project Path="FMODUnityEditor.csproj" />
  <Project Path="FMODUnity.csproj" />
  <Project Path="JBooth.MicroSplat.Core.Editor.csproj" />
  <Project Path="Boxophobic.Utils.Scripts.csproj" />
  <Project Path="Assembly-CSharp-Editor-firstpass.csproj" />
  <Project Path="FMODUnityResonance.csproj" />
  <Project Path="JBooth.MicroSplat.Core.csproj" />
  <Project Path="Assembly-CSharp-Editor.csproj" />
</Solution>
